
Microsoft Visual Studio Solution File, Format Version 12.00
# Visual Studio 14
VisualStudioVersion = 14.0.25420.1
MinimumVisualStudioVersion = 10.0.40219.1
Project("{FAE04EC0-301F-11D3-BF4B-00C04F79EFBC}") = "VSA_Xamarin.Droid", "VSA_Xamarin\VSA_Xamarin.Droid\VSA_Xamarin.Droid.csproj", "{C31A8D2D-99B3-40D0-84BD-7CC84F1E5970}"
EndProject
Project("{FAE04EC0-301F-11D3-BF4B-00C04F79EFBC}") = "VSA_Xamarin.iOS", "VSA_Xamarin\VSA_Xamarin.iOS\VSA_Xamarin.iOS.csproj", "{19C8493E-9E6E-4ECB-BB30-CE0E4FF2A971}"
EndProject
Project("{FAE04EC0-301F-11D3-BF4B-00C04F79EFBC}") = "VSA_Xamarin.WinPhone", "VSA_Xamarin\VSA_Xamarin.WinPhone\VSA_Xamarin.WinPhone.csproj", "{64FB0EC6-FB3F-4A0F-A6D7-EDF64ADC93A3}"
EndProject
Project("{FAE04EC0-301F-11D3-BF4B-00C04F79EFBC}") = "VSA_Xamarin.Windows", "VSA_Xamarin\VSA_Xamarin.Windows\VSA_Xamarin.Windows.csproj", "{776B06BE-E453-45B0-9CD4-4BA837E1F54B}"
EndProject
Project("{FAE04EC0-301F-11D3-BF4B-00C04F79EFBC}") = "VSA_Xamarin", "VSA_Xamarin\VSA_Xamarin\VSA_Xamarin.csproj", "{F14F4E01-AA19-48D2-9209-E43A5835A415}"
EndProject
Global
	GlobalSection(SolutionConfigurationPlatforms) = preSolution
		Ad-Hoc|Any CPU = Ad-Hoc|Any CPU
		Ad-Hoc|ARM = Ad-Hoc|ARM
		Ad-Hoc|iPhone = Ad-Hoc|iPhone
		Ad-Hoc|iPhoneSimulator = Ad-Hoc|iPhoneSimulator
		Ad-Hoc|x64 = Ad-Hoc|x64
		Ad-Hoc|x86 = Ad-Hoc|x86
		AppStore|Any CPU = AppStore|Any CPU
		AppStore|ARM = AppStore|ARM
		AppStore|iPhone = AppStore|iPhone
		AppStore|iPhoneSimulator = AppStore|iPhoneSimulator
		AppStore|x64 = AppStore|x64
		AppStore|x86 = AppStore|x86
		Debug|Any CPU = Debug|Any CPU
		Debug|ARM = Debug|ARM
		Debug|iPhone = Debug|iPhone
		Debug|iPhoneSimulator = Debug|iPhoneSimulator
		Debug|x64 = Debug|x64
		Debug|x86 = Debug|x86
		Release|Any CPU = Release|Any CPU
		Release|ARM = Release|ARM
		Release|iPhone = Release|iPhone
		Release|iPhoneSimulator = Release|iPhoneSimulator
		Release|x64 = Release|x64
		Release|x86 = Release|x86
	EndGlobalSection
	GlobalSection(ProjectConfigurationPlatforms) = postSolution
		{C31A8D2D-99B3-40D0-84BD-7CC84F1E5970}.Ad-Hoc|Any CPU.ActiveCfg = Release|Any CPU
		{C31A8D2D-99B3-40D0-84BD-7CC84F1E5970}.Ad-Hoc|Any CPU.Build.0 = Release|Any CPU
		{C31A8D2D-99B3-40D0-84BD-7CC84F1E5970}.Ad-Hoc|Any CPU.Deploy.0 = Release|Any CPU
		{C31A8D2D-99B3-40D0-84BD-7CC84F1E5970}.Ad-Hoc|ARM.ActiveCfg = Release|Any CPU
		{C31A8D2D-99B3-40D0-84BD-7CC84F1E5970}.Ad-Hoc|ARM.Build.0 = Release|Any CPU
		{C31A8D2D-99B3-40D0-84BD-7CC84F1E5970}.Ad-Hoc|ARM.Deploy.0 = Release|Any CPU
		{C31A8D2D-99B3-40D0-84BD-7CC84F1E5970}.Ad-Hoc|iPhone.ActiveCfg = Release|Any CPU
		{C31A8D2D-99B3-40D0-84BD-7CC84F1E5970}.Ad-Hoc|iPhone.Build.0 = Release|Any CPU
		{C31A8D2D-99B3-40D0-84BD-7CC84F1E5970}.Ad-Hoc|iPhone.Deploy.0 = Release|Any CPU
		{C31A8D2D-99B3-40D0-84BD-7CC84F1E5970}.Ad-Hoc|iPhoneSimulator.ActiveCfg = Release|Any CPU
		{C31A8D2D-99B3-40D0-84BD-7CC84F1E5970}.Ad-Hoc|iPhoneSimulator.Build.0 = Release|Any CPU
		{C31A8D2D-99B3-40D0-84BD-7CC84F1E5970}.Ad-Hoc|iPhoneSimulator.Deploy.0 = Release|Any CPU
		{C31A8D2D-99B3-40D0-84BD-7CC84F1E5970}.Ad-Hoc|x64.ActiveCfg = Release|Any CPU
		{C31A8D2D-99B3-40D0-84BD-7CC84F1E5970}.Ad-Hoc|x64.Build.0 = Release|Any CPU
		{C31A8D2D-99B3-40D0-84BD-7CC84F1E5970}.Ad-Hoc|x64.Deploy.0 = Release|Any CPU
		{C31A8D2D-99B3-40D0-84BD-7CC84F1E5970}.Ad-Hoc|x86.ActiveCfg = Release|Any CPU
		{C31A8D2D-99B3-40D0-84BD-7CC84F1E5970}.Ad-Hoc|x86.Build.0 = Release|Any CPU
		{C31A8D2D-99B3-40D0-84BD-7CC84F1E5970}.Ad-Hoc|x86.Deploy.0 = Release|Any CPU
		{C31A8D2D-99B3-40D0-84BD-7CC84F1E5970}.AppStore|Any CPU.ActiveCfg = Release|Any CPU
		{C31A8D2D-99B3-40D0-84BD-7CC84F1E5970}.AppStore|Any CPU.Build.0 = Release|Any CPU
		{C31A8D2D-99B3-40D0-84BD-7CC84F1E5970}.AppStore|Any CPU.Deploy.0 = Release|Any CPU
		{C31A8D2D-99B3-40D0-84BD-7CC84F1E5970}.AppStore|ARM.ActiveCfg = Release|Any CPU
		{C31A8D2D-99B3-40D0-84BD-7CC84F1E5970}.AppStore|ARM.Build.0 = Release|Any CPU
		{C31A8D2D-99B3-40D0-84BD-7CC84F1E5970}.AppStore|ARM.Deploy.0 = Release|Any CPU
		{C31A8D2D-99B3-40D0-84BD-7CC84F1E5970}.AppStore|iPhone.ActiveCfg = Release|Any CPU
		{C31A8D2D-99B3-40D0-84BD-7CC84F1E5970}.AppStore|iPhone.Build.0 = Release|Any CPU
		{C31A8D2D-99B3-40D0-84BD-7CC84F1E5970}.AppStore|iPhone.Deploy.0 = Release|Any CPU
		{C31A8D2D-99B3-40D0-84BD-7CC84F1E5970}.AppStore|iPhoneSimulator.ActiveCfg = Release|Any CPU
		{C31A8D2D-99B3-40D0-84BD-7CC84F1E5970}.AppStore|iPhoneSimulator.Build.0 = Release|Any CPU
		{C31A8D2D-99B3-40D0-84BD-7CC84F1E5970}.AppStore|iPhoneSimulator.Deploy.0 = Release|Any CPU
		{C31A8D2D-99B3-40D0-84BD-7CC84F1E5970}.AppStore|x64.ActiveCfg = Release|Any CPU
		{C31A8D2D-99B3-40D0-84BD-7CC84F1E5970}.AppStore|x64.Build.0 = Release|Any CPU
		{C31A8D2D-99B3-40D0-84BD-7CC84F1E5970}.AppStore|x64.Deploy.0 = Release|Any CPU
		{C31A8D2D-99B3-40D0-84BD-7CC84F1E5970}.AppStore|x86.ActiveCfg = Release|Any CPU
		{C31A8D2D-99B3-40D0-84BD-7CC84F1E5970}.AppStore|x86.Build.0 = Release|Any CPU
		{C31A8D2D-99B3-40D0-84BD-7CC84F1E5970}.AppStore|x86.Deploy.0 = Release|Any CPU
		{C31A8D2D-99B3-40D0-84BD-7CC84F1E5970}.Debug|Any CPU.ActiveCfg = Debug|Any CPU
		{C31A8D2D-99B3-40D0-84BD-7CC84F1E5970}.Debug|Any CPU.Build.0 = Debug|Any CPU
		{C31A8D2D-99B3-40D0-84BD-7CC84F1E5970}.Debug|Any CPU.Deploy.0 = Debug|Any CPU
		{C31A8D2D-99B3-40D0-84BD-7CC84F1E5970}.Debug|ARM.ActiveCfg = Debug|Any CPU
		{C31A8D2D-99B3-40D0-84BD-7CC84F1E5970}.Debug|ARM.Build.0 = Debug|Any CPU
		{C31A8D2D-99B3-40D0-84BD-7CC84F1E5970}.Debug|ARM.Deploy.0 = Debug|Any CPU
		{C31A8D2D-99B3-40D0-84BD-7CC84F1E5970}.Debug|iPhone.ActiveCfg = Debug|Any CPU
		{C31A8D2D-99B3-40D0-84BD-7CC84F1E5970}.Debug|iPhone.Build.0 = Debug|Any CPU
		{C31A8D2D-99B3-40D0-84BD-7CC84F1E5970}.Debug|iPhone.Deploy.0 = Debug|Any CPU
		{C31A8D2D-99B3-40D0-84BD-7CC84F1E5970}.Debug|iPhoneSimulator.ActiveCfg = Debug|Any CPU
		{C31A8D2D-99B3-40D0-84BD-7CC84F1E5970}.Debug|iPhoneSimulator.Build.0 = Debug|Any CPU
		{C31A8D2D-99B3-40D0-84BD-7CC84F1E5970}.Debug|iPhoneSimulator.Deploy.0 = Debug|Any CPU
		{C31A8D2D-99B3-40D0-84BD-7CC84F1E5970}.Debug|x64.ActiveCfg = Debug|Any CPU
		{C31A8D2D-99B3-40D0-84BD-7CC84F1E5970}.Debug|x64.Build.0 = Debug|Any CPU
		{C31A8D2D-99B3-40D0-84BD-7CC84F1E5970}.Debug|x64.Deploy.0 = Debug|Any CPU
		{C31A8D2D-99B3-40D0-84BD-7CC84F1E5970}.Debug|x86.ActiveCfg = Debug|Any CPU
		{C31A8D2D-99B3-40D0-84BD-7CC84F1E5970}.Debug|x86.Build.0 = Debug|Any CPU
		{C31A8D2D-99B3-40D0-84BD-7CC84F1E5970}.Debug|x86.Deploy.0 = Debug|Any CPU
		{C31A8D2D-99B3-40D0-84BD-7CC84F1E5970}.Release|Any CPU.ActiveCfg = Release|Any CPU
		{C31A8D2D-99B3-40D0-84BD-7CC84F1E5970}.Release|Any CPU.Build.0 = Release|Any CPU
		{C31A8D2D-99B3-40D0-84BD-7CC84F1E5970}.Release|Any CPU.Deploy.0 = Release|Any CPU
		{C31A8D2D-99B3-40D0-84BD-7CC84F1E5970}.Release|ARM.ActiveCfg = Release|Any CPU
		{C31A8D2D-99B3-40D0-84BD-7CC84F1E5970}.Release|ARM.Build.0 = Release|Any CPU
		{C31A8D2D-99B3-40D0-84BD-7CC84F1E5970}.Release|ARM.Deploy.0 = Release|Any CPU
		{C31A8D2D-99B3-40D0-84BD-7CC84F1E5970}.Release|iPhone.ActiveCfg = Release|Any CPU
		{C31A8D2D-99B3-40D0-84BD-7CC84F1E5970}.Release|iPhone.Build.0 = Release|Any CPU
		{C31A8D2D-99B3-40D0-84BD-7CC84F1E5970}.Release|iPhone.Deploy.0 = Release|Any CPU
		{C31A8D2D-99B3-40D0-84BD-7CC84F1E5970}.Release|iPhoneSimulator.ActiveCfg = Release|Any CPU
		{C31A8D2D-99B3-40D0-84BD-7CC84F1E5970}.Release|iPhoneSimulator.Build.0 = Release|Any CPU
		{C31A8D2D-99B3-40D0-84BD-7CC84F1E5970}.Release|iPhoneSimulator.Deploy.0 = Release|Any CPU
		{C31A8D2D-99B3-40D0-84BD-7CC84F1E5970}.Release|x64.ActiveCfg = Release|Any CPU
		{C31A8D2D-99B3-40D0-84BD-7CC84F1E5970}.Release|x64.Build.0 = Release|Any CPU
		{C31A8D2D-99B3-40D0-84BD-7CC84F1E5970}.Release|x64.Deploy.0 = Release|Any CPU
		{C31A8D2D-99B3-40D0-84BD-7CC84F1E5970}.Release|x86.ActiveCfg = Release|Any CPU
		{C31A8D2D-99B3-40D0-84BD-7CC84F1E5970}.Release|x86.Build.0 = Release|Any CPU
		{C31A8D2D-99B3-40D0-84BD-7CC84F1E5970}.Release|x86.Deploy.0 = Release|Any CPU
		{19C8493E-9E6E-4ECB-BB30-CE0E4FF2A971}.Ad-Hoc|Any CPU.ActiveCfg = Ad-Hoc|iPhone
		{19C8493E-9E6E-4ECB-BB30-CE0E4FF2A971}.Ad-Hoc|ARM.ActiveCfg = Ad-Hoc|iPhone
		{19C8493E-9E6E-4ECB-BB30-CE0E4FF2A971}.Ad-Hoc|iPhone.ActiveCfg = Ad-Hoc|iPhone
		{19C8493E-9E6E-4ECB-BB30-CE0E4FF2A971}.Ad-Hoc|iPhone.Build.0 = Ad-Hoc|iPhone
		{19C8493E-9E6E-4ECB-BB30-CE0E4FF2A971}.Ad-Hoc|iPhoneSimulator.ActiveCfg = Ad-Hoc|iPhoneSimulator
		{19C8493E-9E6E-4ECB-BB30-CE0E4FF2A971}.Ad-Hoc|iPhoneSimulator.Build.0 = Ad-Hoc|iPhoneSimulator
		{19C8493E-9E6E-4ECB-BB30-CE0E4FF2A971}.Ad-Hoc|x64.ActiveCfg = Ad-Hoc|iPhone
		{19C8493E-9E6E-4ECB-BB30-CE0E4FF2A971}.Ad-Hoc|x86.ActiveCfg = Ad-Hoc|iPhone
		{19C8493E-9E6E-4ECB-BB30-CE0E4FF2A971}.AppStore|Any CPU.ActiveCfg = AppStore|iPhone
		{19C8493E-9E6E-4ECB-BB30-CE0E4FF2A971}.AppStore|ARM.ActiveCfg = AppStore|iPhone
		{19C8493E-9E6E-4ECB-BB30-CE0E4FF2A971}.AppStore|iPhone.ActiveCfg = AppStore|iPhone
		{19C8493E-9E6E-4ECB-BB30-CE0E4FF2A971}.AppStore|iPhone.Build.0 = AppStore|iPhone
		{19C8493E-9E6E-4ECB-BB30-CE0E4FF2A971}.AppStore|iPhoneSimulator.ActiveCfg = AppStore|iPhoneSimulator
		{19C8493E-9E6E-4ECB-BB30-CE0E4FF2A971}.AppStore|iPhoneSimulator.Build.0 = AppStore|iPhoneSimulator
		{19C8493E-9E6E-4ECB-BB30-CE0E4FF2A971}.AppStore|x64.ActiveCfg = AppStore|iPhone
		{19C8493E-9E6E-4ECB-BB30-CE0E4FF2A971}.AppStore|x86.ActiveCfg = AppStore|iPhone
		{19C8493E-9E6E-4ECB-BB30-CE0E4FF2A971}.Debug|Any CPU.ActiveCfg = Debug|iPhone
		{19C8493E-9E6E-4ECB-BB30-CE0E4FF2A971}.Debug|ARM.ActiveCfg = Debug|iPhone
		{19C8493E-9E6E-4ECB-BB30-CE0E4FF2A971}.Debug|iPhone.ActiveCfg = Debug|iPhone
		{19C8493E-9E6E-4ECB-BB30-CE0E4FF2A971}.Debug|iPhone.Build.0 = Debug|iPhone
		{19C8493E-9E6E-4ECB-BB30-CE0E4FF2A971}.Debug|iPhoneSimulator.ActiveCfg = Debug|iPhoneSimulator
		{19C8493E-9E6E-4ECB-BB30-CE0E4FF2A971}.Debug|iPhoneSimulator.Build.0 = Debug|iPhoneSimulator
		{19C8493E-9E6E-4ECB-BB30-CE0E4FF2A971}.Debug|x64.ActiveCfg = Debug|iPhone
		{19C8493E-9E6E-4ECB-BB30-CE0E4FF2A971}.Debug|x86.ActiveCfg = Debug|iPhone
		{19C8493E-9E6E-4ECB-BB30-CE0E4FF2A971}.Release|Any CPU.ActiveCfg = Release|iPhone
		{19C8493E-9E6E-4ECB-BB30-CE0E4FF2A971}.Release|ARM.ActiveCfg = Release|iPhone
		{19C8493E-9E6E-4ECB-BB30-CE0E4FF2A971}.Release|iPhone.ActiveCfg = Release|iPhone
		{19C8493E-9E6E-4ECB-BB30-CE0E4FF2A971}.Release|iPhone.Build.0 = Release|iPhone
		{19C8493E-9E6E-4ECB-BB30-CE0E4FF2A971}.Release|iPhoneSimulator.ActiveCfg = Release|iPhoneSimulator
		{19C8493E-9E6E-4ECB-BB30-CE0E4FF2A971}.Release|iPhoneSimulator.Build.0 = Release|iPhoneSimulator
		{19C8493E-9E6E-4ECB-BB30-CE0E4FF2A971}.Release|x64.ActiveCfg = Release|iPhone
		{19C8493E-9E6E-4ECB-BB30-CE0E4FF2A971}.Release|x86.ActiveCfg = Release|iPhone
		{64FB0EC6-FB3F-4A0F-A6D7-EDF64ADC93A3}.Ad-Hoc|Any CPU.ActiveCfg = Release|Any CPU
		{64FB0EC6-FB3F-4A0F-A6D7-EDF64ADC93A3}.Ad-Hoc|Any CPU.Build.0 = Release|Any CPU
		{64FB0EC6-FB3F-4A0F-A6D7-EDF64ADC93A3}.Ad-Hoc|Any CPU.Deploy.0 = Release|Any CPU
		{64FB0EC6-FB3F-4A0F-A6D7-EDF64ADC93A3}.Ad-Hoc|ARM.ActiveCfg = Release|ARM
		{64FB0EC6-FB3F-4A0F-A6D7-EDF64ADC93A3}.Ad-Hoc|ARM.Build.0 = Release|ARM
		{64FB0EC6-FB3F-4A0F-A6D7-EDF64ADC93A3}.Ad-Hoc|ARM.Deploy.0 = Release|ARM
		{64FB0EC6-FB3F-4A0F-A6D7-EDF64ADC93A3}.Ad-Hoc|iPhone.ActiveCfg = Release|Any CPU
		{64FB0EC6-FB3F-4A0F-A6D7-EDF64ADC93A3}.Ad-Hoc|iPhone.Build.0 = Release|Any CPU
		{64FB0EC6-FB3F-4A0F-A6D7-EDF64ADC93A3}.Ad-Hoc|iPhone.Deploy.0 = Release|Any CPU
		{64FB0EC6-FB3F-4A0F-A6D7-EDF64ADC93A3}.Ad-Hoc|iPhoneSimulator.ActiveCfg = Release|Any CPU
		{64FB0EC6-FB3F-4A0F-A6D7-EDF64ADC93A3}.Ad-Hoc|iPhoneSimulator.Build.0 = Release|Any CPU
		{64FB0EC6-FB3F-4A0F-A6D7-EDF64ADC93A3}.Ad-Hoc|iPhoneSimulator.Deploy.0 = Release|Any CPU
		{64FB0EC6-FB3F-4A0F-A6D7-EDF64ADC93A3}.Ad-Hoc|x64.ActiveCfg = Release|Any CPU
		{64FB0EC6-FB3F-4A0F-A6D7-EDF64ADC93A3}.Ad-Hoc|x64.Build.0 = Release|Any CPU
		{64FB0EC6-FB3F-4A0F-A6D7-EDF64ADC93A3}.Ad-Hoc|x64.Deploy.0 = Release|Any CPU
		{64FB0EC6-FB3F-4A0F-A6D7-EDF64ADC93A3}.Ad-Hoc|x86.ActiveCfg = Release|x86
		{64FB0EC6-FB3F-4A0F-A6D7-EDF64ADC93A3}.Ad-Hoc|x86.Build.0 = Release|x86
		{64FB0EC6-FB3F-4A0F-A6D7-EDF64ADC93A3}.Ad-Hoc|x86.Deploy.0 = Release|x86
		{64FB0EC6-FB3F-4A0F-A6D7-EDF64ADC93A3}.AppStore|Any CPU.ActiveCfg = Release|Any CPU
		{64FB0EC6-FB3F-4A0F-A6D7-EDF64ADC93A3}.AppStore|Any CPU.Build.0 = Release|Any CPU
		{64FB0EC6-FB3F-4A0F-A6D7-EDF64ADC93A3}.AppStore|Any CPU.Deploy.0 = Release|Any CPU
		{64FB0EC6-FB3F-4A0F-A6D7-EDF64ADC93A3}.AppStore|ARM.ActiveCfg = Release|ARM
		{64FB0EC6-FB3F-4A0F-A6D7-EDF64ADC93A3}.AppStore|ARM.Build.0 = Release|ARM
		{64FB0EC6-FB3F-4A0F-A6D7-EDF64ADC93A3}.AppStore|ARM.Deploy.0 = Release|ARM
		{64FB0EC6-FB3F-4A0F-A6D7-EDF64ADC93A3}.AppStore|iPhone.ActiveCfg = Release|Any CPU
		{64FB0EC6-FB3F-4A0F-A6D7-EDF64ADC93A3}.AppStore|iPhone.Build.0 = Release|Any CPU
		{64FB0EC6-FB3F-4A0F-A6D7-EDF64ADC93A3}.AppStore|iPhone.Deploy.0 = Release|Any CPU
		{64FB0EC6-FB3F-4A0F-A6D7-EDF64ADC93A3}.AppStore|iPhoneSimulator.ActiveCfg = Release|Any CPU
		{64FB0EC6-FB3F-4A0F-A6D7-EDF64ADC93A3}.AppStore|iPhoneSimulator.Build.0 = Release|Any CPU
		{64FB0EC6-FB3F-4A0F-A6D7-EDF64ADC93A3}.AppStore|iPhoneSimulator.Deploy.0 = Release|Any CPU
		{64FB0EC6-FB3F-4A0F-A6D7-EDF64ADC93A3}.AppStore|x64.ActiveCfg = Release|Any CPU
		{64FB0EC6-FB3F-4A0F-A6D7-EDF64ADC93A3}.AppStore|x64.Build.0 = Release|Any CPU
		{64FB0EC6-FB3F-4A0F-A6D7-EDF64ADC93A3}.AppStore|x64.Deploy.0 = Release|Any CPU
		{64FB0EC6-FB3F-4A0F-A6D7-EDF64ADC93A3}.AppStore|x86.ActiveCfg = Release|x86
		{64FB0EC6-FB3F-4A0F-A6D7-EDF64ADC93A3}.AppStore|x86.Build.0 = Release|x86
		{64FB0EC6-FB3F-4A0F-A6D7-EDF64ADC93A3}.AppStore|x86.Deploy.0 = Release|x86
		{64FB0EC6-FB3F-4A0F-A6D7-EDF64ADC93A3}.Debug|Any CPU.ActiveCfg = Debug|Any CPU
		{64FB0EC6-FB3F-4A0F-A6D7-EDF64ADC93A3}.Debug|Any CPU.Build.0 = Debug|Any CPU
		{64FB0EC6-FB3F-4A0F-A6D7-EDF64ADC93A3}.Debug|Any CPU.Deploy.0 = Debug|Any CPU
		{64FB0EC6-FB3F-4A0F-A6D7-EDF64ADC93A3}.Debug|ARM.ActiveCfg = Debug|ARM
		{64FB0EC6-FB3F-4A0F-A6D7-EDF64ADC93A3}.Debug|ARM.Build.0 = Debug|ARM
		{64FB0EC6-FB3F-4A0F-A6D7-EDF64ADC93A3}.Debug|ARM.Deploy.0 = Debug|ARM
		{64FB0EC6-FB3F-4A0F-A6D7-EDF64ADC93A3}.Debug|iPhone.ActiveCfg = Debug|Any CPU
		{64FB0EC6-FB3F-4A0F-A6D7-EDF64ADC93A3}.Debug|iPhone.Build.0 = Debug|Any CPU
		{64FB0EC6-FB3F-4A0F-A6D7-EDF64ADC93A3}.Debug|iPhone.Deploy.0 = Debug|Any CPU
		{64FB0EC6-FB3F-4A0F-A6D7-EDF64ADC93A3}.Debug|iPhoneSimulator.ActiveCfg = Debug|Any CPU
		{64FB0EC6-FB3F-4A0F-A6D7-EDF64ADC93A3}.Debug|iPhoneSimulator.Build.0 = Debug|Any CPU
		{64FB0EC6-FB3F-4A0F-A6D7-EDF64ADC93A3}.Debug|iPhoneSimulator.Deploy.0 = Debug|Any CPU
		{64FB0EC6-FB3F-4A0F-A6D7-EDF64ADC93A3}.Debug|x64.ActiveCfg = Debug|Any CPU
		{64FB0EC6-FB3F-4A0F-A6D7-EDF64ADC93A3}.Debug|x64.Build.0 = Debug|Any CPU
		{64FB0EC6-FB3F-4A0F-A6D7-EDF64ADC93A3}.Debug|x64.Deploy.0 = Debug|Any CPU
		{64FB0EC6-FB3F-4A0F-A6D7-EDF64ADC93A3}.Debug|x86.ActiveCfg = Debug|x86
		{64FB0EC6-FB3F-4A0F-A6D7-EDF64ADC93A3}.Debug|x86.Build.0 = Debug|x86
		{64FB0EC6-FB3F-4A0F-A6D7-EDF64ADC93A3}.Debug|x86.Deploy.0 = Debug|x86
		{64FB0EC6-FB3F-4A0F-A6D7-EDF64ADC93A3}.Release|Any CPU.ActiveCfg = Release|Any CPU
		{64FB0EC6-FB3F-4A0F-A6D7-EDF64ADC93A3}.Release|Any CPU.Build.0 = Release|Any CPU
		{64FB0EC6-FB3F-4A0F-A6D7-EDF64ADC93A3}.Release|Any CPU.Deploy.0 = Release|Any CPU
		{64FB0EC6-FB3F-4A0F-A6D7-EDF64ADC93A3}.Release|ARM.ActiveCfg = Release|ARM
		{64FB0EC6-FB3F-4A0F-A6D7-EDF64ADC93A3}.Release|ARM.Build.0 = Release|ARM
		{64FB0EC6-FB3F-4A0F-A6D7-EDF64ADC93A3}.Release|ARM.Deploy.0 = Release|ARM
		{64FB0EC6-FB3F-4A0F-A6D7-EDF64ADC93A3}.Release|iPhone.ActiveCfg = Release|Any CPU
		{64FB0EC6-FB3F-4A0F-A6D7-EDF64ADC93A3}.Release|iPhone.Build.0 = Release|Any CPU
		{64FB0EC6-FB3F-4A0F-A6D7-EDF64ADC93A3}.Release|iPhone.Deploy.0 = Release|Any CPU
		{64FB0EC6-FB3F-4A0F-A6D7-EDF64ADC93A3}.Release|iPhoneSimulator.ActiveCfg = Release|Any CPU
		{64FB0EC6-FB3F-4A0F-A6D7-EDF64ADC93A3}.Release|iPhoneSimulator.Build.0 = Release|Any CPU
		{64FB0EC6-FB3F-4A0F-A6D7-EDF64ADC93A3}.Release|iPhoneSimulator.Deploy.0 = Release|Any CPU
		{64FB0EC6-FB3F-4A0F-A6D7-EDF64ADC93A3}.Release|x64.ActiveCfg = Release|Any CPU
		{64FB0EC6-FB3F-4A0F-A6D7-EDF64ADC93A3}.Release|x64.Build.0 = Release|Any CPU
		{64FB0EC6-FB3F-4A0F-A6D7-EDF64ADC93A3}.Release|x64.Deploy.0 = Release|Any CPU
		{64FB0EC6-FB3F-4A0F-A6D7-EDF64ADC93A3}.Release|x86.ActiveCfg = Release|x86
		{64FB0EC6-FB3F-4A0F-A6D7-EDF64ADC93A3}.Release|x86.Build.0 = Release|x86
		{64FB0EC6-FB3F-4A0F-A6D7-EDF64ADC93A3}.Release|x86.Deploy.0 = Release|x86
		{776B06BE-E453-45B0-9CD4-4BA837E1F54B}.Ad-Hoc|Any CPU.ActiveCfg = Release|Any CPU
		{776B06BE-E453-45B0-9CD4-4BA837E1F54B}.Ad-Hoc|Any CPU.Build.0 = Release|Any CPU
		{776B06BE-E453-45B0-9CD4-4BA837E1F54B}.Ad-Hoc|Any CPU.Deploy.0 = Release|Any CPU
		{776B06BE-E453-45B0-9CD4-4BA837E1F54B}.Ad-Hoc|ARM.ActiveCfg = Release|ARM
		{776B06BE-E453-45B0-9CD4-4BA837E1F54B}.Ad-Hoc|ARM.Build.0 = Release|ARM
		{776B06BE-E453-45B0-9CD4-4BA837E1F54B}.Ad-Hoc|ARM.Deploy.0 = Release|ARM
		{776B06BE-E453-45B0-9CD4-4BA837E1F54B}.Ad-Hoc|iPhone.ActiveCfg = Release|Any CPU
		{776B06BE-E453-45B0-9CD4-4BA837E1F54B}.Ad-Hoc|iPhone.Build.0 = Release|Any CPU
		{776B06BE-E453-45B0-9CD4-4BA837E1F54B}.Ad-Hoc|iPhone.Deploy.0 = Release|Any CPU
		{776B06BE-E453-45B0-9CD4-4BA837E1F54B}.Ad-Hoc|iPhoneSimulator.ActiveCfg = Release|Any CPU
		{776B06BE-E453-45B0-9CD4-4BA837E1F54B}.Ad-Hoc|iPhoneSimulator.Build.0 = Release|Any CPU
		{776B06BE-E453-45B0-9CD4-4BA837E1F54B}.Ad-Hoc|iPhoneSimulator.Deploy.0 = Release|Any CPU
		{776B06BE-E453-45B0-9CD4-4BA837E1F54B}.Ad-Hoc|x64.ActiveCfg = Release|x64
		{776B06BE-E453-45B0-9CD4-4BA837E1F54B}.Ad-Hoc|x64.Build.0 = Release|x64
		{776B06BE-E453-45B0-9CD4-4BA837E1F54B}.Ad-Hoc|x64.Deploy.0 = Release|x64
		{776B06BE-E453-45B0-9CD4-4BA837E1F54B}.Ad-Hoc|x86.ActiveCfg = Release|x86
		{776B06BE-E453-45B0-9CD4-4BA837E1F54B}.Ad-Hoc|x86.Build.0 = Release|x86
		{776B06BE-E453-45B0-9CD4-4BA837E1F54B}.Ad-Hoc|x86.Deploy.0 = Release|x86
		{776B06BE-E453-45B0-9CD4-4BA837E1F54B}.AppStore|Any CPU.ActiveCfg = Release|Any CPU
		{776B06BE-E453-45B0-9CD4-4BA837E1F54B}.AppStore|Any CPU.Build.0 = Release|Any CPU
		{776B06BE-E453-45B0-9CD4-4BA837E1F54B}.AppStore|Any CPU.Deploy.0 = Release|Any CPU
		{776B06BE-E453-45B0-9CD4-4BA837E1F54B}.AppStore|ARM.ActiveCfg = Release|ARM
		{776B06BE-E453-45B0-9CD4-4BA837E1F54B}.AppStore|ARM.Build.0 = Release|ARM
		{776B06BE-E453-45B0-9CD4-4BA837E1F54B}.AppStore|ARM.Deploy.0 = Release|ARM
		{776B06BE-E453-45B0-9CD4-4BA837E1F54B}.AppStore|iPhone.ActiveCfg = Release|Any CPU
		{776B06BE-E453-45B0-9CD4-4BA837E1F54B}.AppStore|iPhone.Build.0 = Release|Any CPU
		{776B06BE-E453-45B0-9CD4-4BA837E1F54B}.AppStore|iPhone.Deploy.0 = Release|Any CPU
		{776B06BE-E453-45B0-9CD4-4BA837E1F54B}.AppStore|iPhoneSimulator.ActiveCfg = Release|Any CPU
		{776B06BE-E453-45B0-9CD4-4BA837E1F54B}.AppStore|iPhoneSimulator.Build.0 = Release|Any CPU
		{776B06BE-E453-45B0-9CD4-4BA837E1F54B}.AppStore|iPhoneSimulator.Deploy.0 = Release|Any CPU
		{776B06BE-E453-45B0-9CD4-4BA837E1F54B}.AppStore|x64.ActiveCfg = Release|x64
		{776B06BE-E453-45B0-9CD4-4BA837E1F54B}.AppStore|x64.Build.0 = Release|x64
		{776B06BE-E453-45B0-9CD4-4BA837E1F54B}.AppStore|x64.Deploy.0 = Release|x64
		{776B06BE-E453-45B0-9CD4-4BA837E1F54B}.AppStore|x86.ActiveCfg = Release|x86
		{776B06BE-E453-45B0-9CD4-4BA837E1F54B}.AppStore|x86.Build.0 = Release|x86
		{776B06BE-E453-45B0-9CD4-4BA837E1F54B}.AppStore|x86.Deploy.0 = Release|x86
		{776B06BE-E453-45B0-9CD4-4BA837E1F54B}.Debug|Any CPU.ActiveCfg = Debug|Any CPU
		{776B06BE-E453-45B0-9CD4-4BA837E1F54B}.Debug|Any CPU.Build.0 = Debug|Any CPU
		{776B06BE-E453-45B0-9CD4-4BA837E1F54B}.Debug|Any CPU.Deploy.0 = Debug|Any CPU
		{776B06BE-E453-45B0-9CD4-4BA837E1F54B}.Debug|ARM.ActiveCfg = Debug|ARM
		{776B06BE-E453-45B0-9CD4-4BA837E1F54B}.Debug|ARM.Build.0 = Debug|ARM
		{776B06BE-E453-45B0-9CD4-4BA837E1F54B}.Debug|ARM.Deploy.0 = Debug|ARM
		{776B06BE-E453-45B0-9CD4-4BA837E1F54B}.Debug|iPhone.ActiveCfg = Debug|Any CPU
		{776B06BE-E453-45B0-9CD4-4BA837E1F54B}.Debug|iPhone.Build.0 = Debug|Any CPU
		{776B06BE-E453-45B0-9CD4-4BA837E1F54B}.Debug|iPhone.Deploy.0 = Debug|Any CPU
		{776B06BE-E453-45B0-9CD4-4BA837E1F54B}.Debug|iPhoneSimulator.ActiveCfg = Debug|Any CPU
		{776B06BE-E453-45B0-9CD4-4BA837E1F54B}.Debug|iPhoneSimulator.Build.0 = Debug|Any CPU
		{776B06BE-E453-45B0-9CD4-4BA837E1F54B}.Debug|iPhoneSimulator.Deploy.0 = Debug|Any CPU
		{776B06BE-E453-45B0-9CD4-4BA837E1F54B}.Debug|x64.ActiveCfg = Debug|x64
		{776B06BE-E453-45B0-9CD4-4BA837E1F54B}.Debug|x64.Build.0 = Debug|x64
		{776B06BE-E453-45B0-9CD4-4BA837E1F54B}.Debug|x64.Deploy.0 = Debug|x64
		{776B06BE-E453-45B0-9CD4-4BA837E1F54B}.Debug|x86.ActiveCfg = Debug|x86
		{776B06BE-E453-45B0-9CD4-4BA837E1F54B}.Debug|x86.Build.0 = Debug|x86
		{776B06BE-E453-45B0-9CD4-4BA837E1F54B}.Debug|x86.Deploy.0 = Debug|x86
		{776B06BE-E453-45B0-9CD4-4BA837E1F54B}.Release|Any CPU.ActiveCfg = Release|Any CPU
		{776B06BE-E453-45B0-9CD4-4BA837E1F54B}.Release|Any CPU.Build.0 = Release|Any CPU
		{776B06BE-E453-45B0-9CD4-4BA837E1F54B}.Release|Any CPU.Deploy.0 = Release|Any CPU
		{776B06BE-E453-45B0-9CD4-4BA837E1F54B}.Release|ARM.ActiveCfg = Release|ARM
		{776B06BE-E453-45B0-9CD4-4BA837E1F54B}.Release|ARM.Build.0 = Release|ARM
		{776B06BE-E453-45B0-9CD4-4BA837E1F54B}.Release|ARM.Deploy.0 = Release|ARM
		{776B06BE-E453-45B0-9CD4-4BA837E1F54B}.Release|iPhone.ActiveCfg = Release|Any CPU
		{776B06BE-E453-45B0-9CD4-4BA837E1F54B}.Release|iPhone.Build.0 = Release|Any CPU
		{776B06BE-E453-45B0-9CD4-4BA837E1F54B}.Release|iPhone.Deploy.0 = Release|Any CPU
		{776B06BE-E453-45B0-9CD4-4BA837E1F54B}.Release|iPhoneSimulator.ActiveCfg = Release|Any CPU
		{776B06BE-E453-45B0-9CD4-4BA837E1F54B}.Release|iPhoneSimulator.Build.0 = Release|Any CPU
		{776B06BE-E453-45B0-9CD4-4BA837E1F54B}.Release|iPhoneSimulator.Deploy.0 = Release|Any CPU
		{776B06BE-E453-45B0-9CD4-4BA837E1F54B}.Release|x64.ActiveCfg = Release|x64
		{776B06BE-E453-45B0-9CD4-4BA837E1F54B}.Release|x64.Build.0 = Release|x64
		{776B06BE-E453-45B0-9CD4-4BA837E1F54B}.Release|x64.Deploy.0 = Release|x64
		{776B06BE-E453-45B0-9CD4-4BA837E1F54B}.Release|x86.ActiveCfg = Release|x86
		{776B06BE-E453-45B0-9CD4-4BA837E1F54B}.Release|x86.Build.0 = Release|x86
		{776B06BE-E453-45B0-9CD4-4BA837E1F54B}.Release|x86.Deploy.0 = Release|x86
		{F14F4E01-AA19-48D2-9209-E43A5835A415}.Ad-Hoc|Any CPU.ActiveCfg = Release|Any CPU
		{F14F4E01-AA19-48D2-9209-E43A5835A415}.Ad-Hoc|Any CPU.Build.0 = Release|Any CPU
		{F14F4E01-AA19-48D2-9209-E43A5835A415}.Ad-Hoc|ARM.ActiveCfg = Release|Any CPU
		{F14F4E01-AA19-48D2-9209-E43A5835A415}.Ad-Hoc|ARM.Build.0 = Release|Any CPU
		{F14F4E01-AA19-48D2-9209-E43A5835A415}.Ad-Hoc|iPhone.ActiveCfg = Release|Any CPU
		{F14F4E01-AA19-48D2-9209-E43A5835A415}.Ad-Hoc|iPhone.Build.0 = Release|Any CPU
		{F14F4E01-AA19-48D2-9209-E43A5835A415}.Ad-Hoc|iPhoneSimulator.ActiveCfg = Release|Any CPU
		{F14F4E01-AA19-48D2-9209-E43A5835A415}.Ad-Hoc|iPhoneSimulator.Build.0 = Release|Any CPU
		{F14F4E01-AA19-48D2-9209-E43A5835A415}.Ad-Hoc|x64.ActiveCfg = Release|Any CPU
		{F14F4E01-AA19-48D2-9209-E43A5835A415}.Ad-Hoc|x64.Build.0 = Release|Any CPU
		{F14F4E01-AA19-48D2-9209-E43A5835A415}.Ad-Hoc|x86.ActiveCfg = Release|Any CPU
		{F14F4E01-AA19-48D2-9209-E43A5835A415}.Ad-Hoc|x86.Build.0 = Release|Any CPU
		{F14F4E01-AA19-48D2-9209-E43A5835A415}.AppStore|Any CPU.ActiveCfg = Release|Any CPU
		{F14F4E01-AA19-48D2-9209-E43A5835A415}.AppStore|Any CPU.Build.0 = Release|Any CPU
		{F14F4E01-AA19-48D2-9209-E43A5835A415}.AppStore|ARM.ActiveCfg = Release|Any CPU
		{F14F4E01-AA19-48D2-9209-E43A5835A415}.AppStore|ARM.Build.0 = Release|Any CPU
		{F14F4E01-AA19-48D2-9209-E43A5835A415}.AppStore|iPhone.ActiveCfg = Release|Any CPU
		{F14F4E01-AA19-48D2-9209-E43A5835A415}.AppStore|iPhone.Build.0 = Release|Any CPU
		{F14F4E01-AA19-48D2-9209-E43A5835A415}.AppStore|iPhoneSimulator.ActiveCfg = Release|Any CPU
		{F14F4E01-AA19-48D2-9209-E43A5835A415}.AppStore|iPhoneSimulator.Build.0 = Release|Any CPU
		{F14F4E01-AA19-48D2-9209-E43A5835A415}.AppStore|x64.ActiveCfg = Release|Any CPU
		{F14F4E01-AA19-48D2-9209-E43A5835A415}.AppStore|x64.Build.0 = Release|Any CPU
		{F14F4E01-AA19-48D2-9209-E43A5835A415}.AppStore|x86.ActiveCfg = Release|Any CPU
		{F14F4E01-AA19-48D2-9209-E43A5835A415}.AppStore|x86.Build.0 = Release|Any CPU
		{F14F4E01-AA19-48D2-9209-E43A5835A415}.Debug|Any CPU.ActiveCfg = Debug|Any CPU
		{F14F4E01-AA19-48D2-9209-E43A5835A415}.Debug|Any CPU.Build.0 = Debug|Any CPU
		{F14F4E01-AA19-48D2-9209-E43A5835A415}.Debug|ARM.ActiveCfg = Debug|Any CPU
		{F14F4E01-AA19-48D2-9209-E43A5835A415}.Debug|ARM.Build.0 = Debug|Any CPU
		{F14F4E01-AA19-48D2-9209-E43A5835A415}.Debug|iPhone.ActiveCfg = Debug|Any CPU
		{F14F4E01-AA19-48D2-9209-E43A5835A415}.Debug|iPhone.Build.0 = Debug|Any CPU
		{F14F4E01-AA19-48D2-9209-E43A5835A415}.Debug|iPhoneSimulator.ActiveCfg = Debug|Any CPU
		{F14F4E01-AA19-48D2-9209-E43A5835A415}.Debug|iPhoneSimulator.Build.0 = Debug|Any CPU
		{F14F4E01-AA19-48D2-9209-E43A5835A415}.Debug|x64.ActiveCfg = Debug|Any CPU
		{F14F4E01-AA19-48D2-9209-E43A5835A415}.Debug|x64.Build.0 = Debug|Any CPU
		{F14F4E01-AA19-48D2-9209-E43A5835A415}.Debug|x86.ActiveCfg = Debug|Any CPU
		{F14F4E01-AA19-48D2-9209-E43A5835A415}.Debug|x86.Build.0 = Debug|Any CPU
		{F14F4E01-AA19-48D2-9209-E43A5835A415}.Release|Any CPU.ActiveCfg = Release|Any CPU
		{F14F4E01-AA19-48D2-9209-E43A5835A415}.Release|Any CPU.Build.0 = Release|Any CPU
		{F14F4E01-AA19-48D2-9209-E43A5835A415}.Release|ARM.ActiveCfg = Release|Any CPU
		{F14F4E01-AA19-48D2-9209-E43A5835A415}.Release|ARM.Build.0 = Release|Any CPU
		{F14F4E01-AA19-48D2-9209-E43A5835A415}.Release|iPhone.ActiveCfg = Release|Any CPU
		{F14F4E01-AA19-48D2-9209-E43A5835A415}.Release|iPhone.Build.0 = Release|Any CPU
		{F14F4E01-AA19-48D2-9209-E43A5835A415}.Release|iPhoneSimulator.ActiveCfg = Release|Any CPU
		{F14F4E01-AA19-48D2-9209-E43A5835A415}.Release|iPhoneSimulator.Build.0 = Release|Any CPU
		{F14F4E01-AA19-48D2-9209-E43A5835A415}.Release|x64.ActiveCfg = Release|Any CPU
		{F14F4E01-AA19-48D2-9209-E43A5835A415}.Release|x64.Build.0 = Release|Any CPU
		{F14F4E01-AA19-48D2-9209-E43A5835A415}.Release|x86.ActiveCfg = Release|Any CPU
		{F14F4E01-AA19-48D2-9209-E43A5835A415}.Release|x86.Build.0 = Release|Any CPU
	EndGlobalSection
	GlobalSection(SolutionProperties) = preSolution
		HideSolutionNode = FALSE
	EndGlobalSection
EndGlobal
